<?xml version="1.0" encoding="utf-8"?>
<Project ToolsVersion="4.0" xmlns="http://schemas.microsoft.com/developer/msbuild/2003">
  <ItemGroup>
    <Filter Include="Source Files">
      <UniqueIdentifier>{4FC737F1-C7A5-4376-A066-2A32D752A2FF}</UniqueIdentifier>
      <Extensions>cpp;c;cc;cxx;def;odl;idl;hpj;bat;asm;asmx</Extensions>
    </Filter>
    <Filter Include="Header Files">
      <UniqueIdentifier>{93995380-89BD-4b04-88EB-625FBE52EBFB}</UniqueIdentifier>
      <Extensions>h;hh;hpp;hxx;hm;inl;inc;xsd</Extensions>
    </Filter>
    <Filter Include="Resource Files">
      <UniqueIdentifier>{67DA6AB6-F800-4c08-8B7A-83BB121AAD01}</UniqueIdentifier>
      <Extensions>rc;ico;cur;bmp;dlg;rc2;rct;bin;rgs;gif;jpg;jpeg;jpe;resx;tiff;tif;png;wav;mfcribbon-ms</Extensions>
    </Filter>
  </ItemGroup>
  <ItemGroup>
    <ClCompile Include="..\FrontEnd\IRC_decl.cpp">
      <Filter>Source Files</Filter>
    </ClCompile>
    <ClCompile Include="..\FrontEnd\IRC_exp.cpp">
      <Filter>Source Files</Filter>
    </ClCompile>
    <ClCompile Include="..\FrontEnd\IRCreator.cpp">
      <Filter>Source Files</Filter>
    </ClCompile>
    <ClCompile Include="..\FrontEnd\lex.cpp">
      <Filter>Source Files</Filter>
    </ClCompile>
    <ClCompile Include="..\FrontEnd\parse.cpp">
      <Filter>Source Files</Filter>
    </ClCompile>
    <ClCompile Include="..\FrontEnd\parse_recursion.cpp">
      <Filter>Source Files</Filter>
    </ClCompile>
    <ClCompile Include="..\FrontEnd\ScopeExpect.cpp">
      <Filter>Source Files</Filter>
    </ClCompile>
    <ClCompile Include="..\FrontEnd\SS.cpp">
      <Filter>Source Files</Filter>
    </ClCompile>
    <ClCompile Include="..\FrontEnd\SymbolTable.cpp">
      <Filter>Source Files</Filter>
    </ClCompile>
    <ClCompile Include="..\main.cpp">
      <Filter>Source Files</Filter>
    </ClCompile>
    <ClCompile Include="..\FrontEndInterface.cpp">
      <Filter>Source Files</Filter>
    </ClCompile>
    <ClCompile Include="..\ASMCreator.cpp">
      <Filter>Source Files</Filter>
    </ClCompile>
    <ClCompile Include="..\RegAllocator.cpp">
      <Filter>Source Files</Filter>
    </ClCompile>
  </ItemGroup>
  <ItemGroup>
    <ClInclude Include="..\FrontEnd\Error.h">
      <Filter>Header Files</Filter>
    </ClInclude>
    <ClInclude Include="..\FrontEnd\token.h">
      <Filter>Header Files</Filter>
    </ClInclude>
    <ClInclude Include="..\FrontEnd\SymbolTable.h">
      <Filter>Header Files</Filter>
    </ClInclude>
    <ClInclude Include="..\FrontEnd\IRCreator.h">
      <Filter>Header Files</Filter>
    </ClInclude>
    <ClInclude Include="..\FrontEnd\lex.h">
      <Filter>Header Files</Filter>
    </ClInclude>
    <ClInclude Include="..\FrontEnd\parse.h">
      <Filter>Header Files</Filter>
    </ClInclude>
    <ClInclude Include="..\FrontEnd\ScopeExpect.h">
      <Filter>Header Files</Filter>
    </ClInclude>
    <ClInclude Include="..\FrontEnd\SS.h">
      <Filter>Header Files</Filter>
    </ClInclude>
    <ClInclude Include="..\FrontEndInterface.h">
      <Filter>Header Files</Filter>
    </ClInclude>
    <ClInclude Include="..\ASMCreator.h">
      <Filter>Header Files</Filter>
    </ClInclude>
    <ClInclude Include="..\RegAllocator.h">
      <Filter>Header Files</Filter>
    </ClInclude>
    <ClInclude Include="..\DAG.h">
      <Filter>Header Files</Filter>
    </ClInclude>
  </ItemGroup>
</Project>